
Microsoft Visual Studio Solution File, Format Version 12.00
# Visual Studio Version 17
VisualStudioVersion = 17.14.37027.9 d17.14
MinimumVisualStudioVersion = 10.0.40219.1
Project("{FAE04EC0-301F-11D3-BF4B-00C04F79EFBC}") = "Yann Al Akl-WS1-TP2-Développement Web Serveur #1", "Yann Al Akl-WS1-TP2-Développement Web Serveur #1.csproj", "{B002D240-7074-4217-B54A-2F3D7CFDF681}"
EndProject
Global
	GlobalSection(SolutionConfigurationPlatforms) = preSolution
		Debug|Any CPU = Debug|Any CPU
		Release|Any CPU = Release|Any CPU
	EndGlobalSection
	GlobalSection(ProjectConfigurationPlatforms) = postSolution
		{B002D240-7074-4217-B54A-2F3D7CFDF681}.Debug|Any CPU.ActiveCfg = Debug|Any CPU
		{B002D240-7074-4217-B54A-2F3D7CFDF681}.Debug|Any CPU.Build.0 = Debug|Any CPU
		{B002D240-7074-4217-B54A-2F3D7CFDF681}.Release|Any CPU.ActiveCfg = Release|Any CPU
		{B002D240-7074-4217-B54A-2F3D7CFDF681}.Release|Any CPU.Build.0 = Release|Any CPU
	EndGlobalSection
	GlobalSection(SolutionProperties) = preSolution
		HideSolutionNode = FALSE
	EndGlobalSection
	GlobalSection(ExtensibilityGlobals) = postSolution
		SolutionGuid = {CF44F377-4504-46C5-B089-77BEF279A53E}
	EndGlobalSection
EndGlobal
